
Microsoft Visual Studio Solution File, Format Version 12.00
# Visual Studio 16
VisualStudioVersion = 16.0.0.0
MinimumVisualStudioVersion = 16.0.0.0
Project("{FAE04EC0-301F-11D3-BF4B-00C04F79EFBC}") = "UIElementLink.Windows", "UIElementLink.Windows\UIElementLink.Windows.csproj", "{3B3D1A0A-7A01-4189-A6B0-49A056540E81}"
EndProject
Project("{FAE04EC0-301F-11D3-BF4B-00C04F79EFBC}") = "UIElementLink.Game", "UIElementLink.Game\UIElementLink.Game.csproj", "{DED57CC2-F41D-4CB2-8E33-B2C01960EDB1}"
EndProject
Global
EndGlobal
